// !$*UTF8*$!
{
	archiveVersion = 1;
	classes = {
	};
	objectVersion = 46;
	objects = {

/* Begin PBXBuildFile section */
		19AC0CE91C40E21500D0AB8D /* main.m in Sources */ = {isa = PBXBuildFile; fileRef = 19AC0CE81C40E21500D0AB8D /* main.m */; };
		19AC0CEC1C40E21500D0AB8D /* AppDelegate.m in Sources */ = {isa = PBXBuildFile; fileRef = 19AC0CEB1C40E21500D0AB8D /* AppDelegate.m */; };
		19AC0CEF1C40E21500D0AB8D /* ViewController.m in Sources */ = {isa = PBXBuildFile; fileRef = 19AC0CEE1C40E21500D0AB8D /* ViewController.m */; };
		19AC0CF21C40E21500D0AB8D /* Main.storyboard in Resources */ = {isa = PBXBuildFile; fileRef = 19AC0CF01C40E21500D0AB8D /* Main.storyboard */; };
		19AC0CF41C40E21500D0AB8D /* Assets.xcassets in Resources */ = {isa = PBXBuildFile; fileRef = 19AC0CF31C40E21500D0AB8D /* Assets.xcassets */; };
		19AC0CF71C40E21500D0AB8D /* LaunchScreen.storyboard in Resources */ = {isa = PBXBuildFile; fileRef = 19AC0CF51C40E21500D0AB8D /* LaunchScreen.storyboard */; };
		19AC0D021C40E56300D0AB8D /* libWeChatSDK.a in Frameworks */ = {isa = PBXBuildFile; fileRef = 19AC0CFF1C40E56300D0AB8D /* libWeChatSDK.a */; };
		19AC0D041C40E6C700D0AB8D /* CoreTelephony.framework in Frameworks */ = {isa = PBXBuildFile; fileRef = 19AC0D031C40E6C700D0AB8D /* CoreTelephony.framework */; };
		19AC0D061C40E6D100D0AB8D /* libz.tbd in Frameworks */ = {isa = PBXBuildFile; fileRef = 19AC0D051C40E6D000D0AB8D /* libz.tbd */; };
		19AC0D081C40E6E100D0AB8D /* libsqlite3.0.tbd in Frameworks */ = {isa = PBXBuildFile; fileRef = 19AC0D071C40E6E100D0AB8D /* libsqlite3.0.tbd */; };
		19AC0D0A1C40E70400D0AB8D /* libc++.tbd in Frameworks */ = {isa = PBXBuildFile; fileRef = 19AC0D091C40E70400D0AB8D /* libc++.tbd */; };
		19AC0D0C1C40E70E00D0AB8D /* SystemConfiguration.framework in Frameworks */ = {isa = PBXBuildFile; fileRef = 19AC0D0B1C40E70E00D0AB8D /* SystemConfiguration.framework */; };
/* End PBXBuildFile section */

/* Begin PBXFileReference section */
		19AC0CE41C40E21500D0AB8D /* WeiXinPayDemo.app */ = {isa = PBXFileReference; explicitFileType = wrapper.application; includeInIndex = 0; path = WeiXinPayDemo.app; sourceTree = BUILT_PRODUCTS_DIR; };
		19AC0CE81C40E21500D0AB8D /* main.m */ = {isa = PBXFileReference; lastKnownFileType = sourcecode.c.objc; path = main.m; sourceTree = "<group>"; };
		19AC0CEA1C40E21500D0AB8D /* AppDelegate.h */ = {isa = PBXFileReference; lastKnownFileType = sourcecode.c.h; path = AppDelegate.h; sourceTree = "<group>"; };
		19AC0CEB1C40E21500D0AB8D /* AppDelegate.m */ = {isa = PBXFileReference; lastKnownFileType = sourcecode.c.objc; path = AppDelegate.m; sourceTree = "<group>"; };
		19AC0CED1C40E21500D0AB8D /* ViewController.h */ = {isa = PBXFileReference; lastKnownFileType = sourcecode.c.h; path = ViewController.h; sourceTree = "<group>"; };
		19AC0CEE1C40E21500D0AB8D /* ViewController.m */ = {isa = PBXFileReference; lastKnownFileType = sourcecode.c.objc; path = ViewController.m; sourceTree = "<group>"; };
		19AC0CF11C40E21500D0AB8D /* Base */ = {isa = PBXFileReference; lastKnownFileType = file.storyboard; name = Base; path = Base.lproj/Main.storyboard; sourceTree = "<group>"; };
		19AC0CF31C40E21500D0AB8D /* Assets.xcassets */ = {isa = PBXFileReference; lastKnownFileType = folder.assetcatalog; path = Assets.xcassets; sourceTree = "<group>"; };
		19AC0CF61C40E21500D0AB8D /* Base */ = {isa = PBXFileReference; lastKnownFileType = file.storyboard; name = Base; path = Base.lproj/LaunchScreen.storyboard; sourceTree = "<group>"; };
		19AC0CF81C40E21500D0AB8D /* Info.plist */ = {isa = PBXFileReference; lastKnownFileType = text.plist.xml; path = Info.plist; sourceTree = "<group>"; };
		19AC0CFF1C40E56300D0AB8D /* libWeChatSDK.a */ = {isa = PBXFileReference; lastKnownFileType = archive.ar; path = libWeChatSDK.a; sourceTree = "<group>"; };
		19AC0D001C40E56300D0AB8D /* WXApi.h */ = {isa = PBXFileReference; fileEncoding = 4; lastKnownFileType = sourcecode.c.h; path = WXApi.h; sourceTree = "<group>"; };
		19AC0D011C40E56300D0AB8D /* WXApiObject.h */ = {isa = PBXFileReference; fileEncoding = 4; lastKnownFileType = sourcecode.c.h; path = WXApiObject.h; sourceTree = "<group>"; };
		19AC0D031C40E6C700D0AB8D /* CoreTelephony.framework */ = {isa = PBXFileReference; lastKnownFileType = wrapper.framework; name = CoreTelephony.framework; path = System/Library/Frameworks/CoreTelephony.framework; sourceTree = SDKROOT; };
		19AC0D051C40E6D000D0AB8D /* libz.tbd */ = {isa = PBXFileReference; lastKnownFileType = "sourcecode.text-based-dylib-definition"; name = libz.tbd; path = usr/lib/libz.tbd; sourceTree = SDKROOT; };
		19AC0D071C40E6E100D0AB8D /* libsqlite3.0.tbd */ = {isa = PBXFileReference; lastKnownFileType = "sourcecode.text-based-dylib-definition"; name = libsqlite3.0.tbd; path = usr/lib/libsqlite3.0.tbd; sourceTree = SDKROOT; };
		19AC0D091C40E70400D0AB8D /* libc++.tbd */ = {isa = PBXFileReference; lastKnownFileType = "sourcecode.text-based-dylib-definition"; name = "libc++.tbd"; path = "usr/lib/libc++.tbd"; sourceTree = SDKROOT; };
		19AC0D0B1C40E70E00D0AB8D /* SystemConfiguration.framework */ = {isa = PBXFileReference; lastKnownFileType = wrapper.framework; name = SystemConfiguration.framework; path = System/Library/Frameworks/SystemConfiguration.framework; sourceTree = SDKROOT; };
/* End PBXFileReference section */

/* Begin PBXFrameworksBuildPhase section */
		19AC0CE11C40E21500D0AB8D /* Frameworks */ = {
			isa = PBXFrameworksBuildPhase;
			buildActionMask = 2147483647;
			files = (
				19AC0D0C1C40E70E00D0AB8D /* SystemConfiguration.framework in Frameworks */,
				19AC0D0A1C40E70400D0AB8D /* libc++.tbd in Frameworks */,
				19AC0D081C40E6E100D0AB8D /* libsqlite3.0.tbd in Frameworks */,
				19AC0D061C40E6D100D0AB8D /* libz.tbd in Frameworks */,
				19AC0D041C40E6C700D0AB8D /* CoreTelephony.framework in Frameworks */,
				19AC0D021C40E56300D0AB8D /* libWeChatSDK.a in Frameworks */,
			);
			runOnlyForDeploymentPostprocessing = 0;
		};
/* End PBXFrameworksBuildPhase section */

/* Begin PBXGroup section */
		19AC0CDB1C40E21500D0AB8D = {
			isa = PBXGroup;
			children = (
				19AC0D0B1C40E70E00D0AB8D /* SystemConfiguration.framework */,
				19AC0D091C40E70400D0AB8D /* libc++.tbd */,
				19AC0D071C40E6E100D0AB8D /* libsqlite3.0.tbd */,
				19AC0D051C40E6D000D0AB8D /* libz.tbd */,
				19AC0D031C40E6C700D0AB8D /* CoreTelephony.framework */,
				19AC0CE61C40E21500D0AB8D /* WeiXinPayDemo */,
				19AC0CE51C40E21500D0AB8D /* Products */,
			);
			sourceTree = "<group>";
		};
		19AC0CE51C40E21500D0AB8D /* Products */ = {
			isa = PBXGroup;
			children = (
				19AC0CE41C40E21500D0AB8D /* WeiXinPayDemo.app */,
			);
			name = Products;
			sourceTree = "<group>";
		};
		19AC0CE61C40E21500D0AB8D /* WeiXinPayDemo */ = {
			isa = PBXGroup;
			children = (
				19AC0CFE1C40E56300D0AB8D /* SDKExport */,
				19AC0CEA1C40E21500D0AB8D /* AppDelegate.h */,
				19AC0CEB1C40E21500D0AB8D /* AppDelegate.m */,
				19AC0CED1C40E21500D0AB8D /* ViewController.h */,
				19AC0CEE1C40E21500D0AB8D /* ViewController.m */,
				19AC0CF01C40E21500D0AB8D /* Main.storyboard */,
				19AC0CF31C40E21500D0AB8D /* Assets.xcassets */,
				19AC0CF51C40E21500D0AB8D /* LaunchScreen.storyboard */,
				19AC0CF81C40E21500D0AB8D /* Info.plist */,
				19AC0CE71C40E21500D0AB8D /* Supporting Files */,
			);
			path = WeiXinPayDemo;
			sourceTree = "<group>";
		};
		19AC0CE71C40E21500D0AB8D /* Supporting Files */ = {
			isa = PBXGroup;
			children = (
				19AC0CE81C40E21500D0AB8D /* main.m */,
			);
			name = "Supporting Files";
			sourceTree = "<group>";
		};
		19AC0CFE1C40E56300D0AB8D /* SDKExport */ = {
			isa = PBXGroup;
			children = (
				19AC0CFF1C40E56300D0AB8D /* libWeChatSDK.a */,
				19AC0D001C40E56300D0AB8D /* WXApi.h */,
				19AC0D011C40E56300D0AB8D /* WXApiObject.h */,
			);
			path = SDKExport;
			sourceTree = "<group>";
		};
/* End PBXGroup section */

/* Begin PBXNativeTarget section */
		19AC0CE31C40E21500D0AB8D /* WeiXinPayDemo */ = {
			isa = PBXNativeTarget;
			buildConfigurationList = 19AC0CFB1C40E21500D0AB8D /* Build configuration list for PBXNativeTarget "WeiXinPayDemo" */;
			buildPhases = (
				19AC0CE01C40E21500D0AB8D /* Sources */,
				19AC0CE11C40E21500D0AB8D /* Frameworks */,
				19AC0CE21C40E21500D0AB8D /* Resources */,
			);
			buildRules = (
			);
			dependencies = (
			);
			name = WeiXinPayDemo;
			productName = WeiXinPayDemo;
			productReference = 19AC0CE41C40E21500D0AB8D /* WeiXinPayDemo.app */;
			productType = "com.apple.product-type.application";
		};
/* End PBXNativeTarget section */

/* Begin PBXProject section */
		19AC0CDC1C40E21500D0AB8D /* Project object */ = {
			isa = PBXProject;
			attributes = {
				LastUpgradeCheck = 0720;
				ORGANIZATIONNAME = "韩山虎";
				TargetAttributes = {
					19AC0CE31C40E21500D0AB8D = {
						CreatedOnToolsVersion = 7.2;
						DevelopmentTeam = 94GC9MN77H;
					};
				};
			};
			buildConfigurationList = 19AC0CDF1C40E21500D0AB8D /* Build configuration list for PBXProject "WeiXinPayDemo" */;
			compatibilityVersion = "Xcode 3.2";
			developmentRegion = English;
			hasScannedForEncodings = 0;
			knownRegions = (
				en,
				Base,
			);
			mainGroup = 19AC0CDB1C40E21500D0AB8D;
			productRefGroup = 19AC0CE51C40E21500D0AB8D /* Products */;
			projectDirPath = "";
			projectRoot = "";
			targets = (
				19AC0CE31C40E21500D0AB8D /* WeiXinPayDemo */,
			);
		};
/* End PBXProject section */

/* Begin PBXResourcesBuildPhase section */
		19AC0CE21C40E21500D0AB8D /* Resources */ = {
			isa = PBXResourcesBuildPhase;
			buildActionMask = 2147483647;
			files = (
				19AC0CF71C40E21500D0AB8D /* LaunchScreen.storyboard in Resources */,
				19AC0CF41C40E21500D0AB8D /* Assets.xcassets in Resources */,
				19AC0CF21C40E21500D0AB8D /* Main.storyboard in Resources */,
			);
			runOnlyForDeploymentPostprocessing = 0;
		};
/* End PBXResourcesBuildPhase section */

/* Begin PBXSourcesBuildPhase section */
		19AC0CE01C40E21500D0AB8D /* Sources */ = {
			isa = PBXSourcesBuildPhase;
			buildActionMask = 2147483647;
			files = (
				19AC0CEF1C40E21500D0AB8D /* ViewController.m in Sources */,
				19AC0CEC1C40E21500D0AB8D /* AppDelegate.m in Sources */,
				19AC0CE91C40E21500D0AB8D /* main.m in Sources */,
			);
			runOnlyForDeploymentPostprocessing = 0;
		};
/* End PBXSourcesBuildPhase section */

/* Begin PBXVariantGroup section */
		19AC0CF01C40E21500D0AB8D /* Main.storyboard */ = {
			isa = PBXVariantGroup;
			children = (
				19AC0CF11C40E21500D0AB8D /* Base */,
			);
			name = Main.storyboard;
			sourceTree = "<group>";
		};
		19AC0CF51C40E21500D0AB8D /* LaunchScreen.storyboard */ = {
			isa = PBXVariantGroup;
			children = (
				19AC0CF61C40E21500D0AB8D /* Base */,
			);
			name = LaunchScreen.storyboard;
			sourceTree = "<group>";
		};
/* End PBXVariantGroup section */

/* Begin XCBuildConfiguration section */
		19AC0CF91C40E21500D0AB8D /* Debug */ = {
			isa = XCBuildConfiguration;
			buildSettings = {
				ALWAYS_SEARCH_USER_PATHS = NO;
				CLANG_CXX_LANGUAGE_STANDARD = "gnu++0x";
				CLANG_CXX_LIBRARY = "libc++";
				CLANG_ENABLE_MODULES = YES;
				CLANG_ENABLE_OBJC_ARC = YES;
				CLANG_WARN_BOOL_CONVERSION = YES;
				CLANG_WARN_CONSTANT_CONVERSION = YES;
				CLANG_WARN_DIRECT_OBJC_ISA_USAGE = YES_ERROR;
				CLANG_WARN_EMPTY_BODY = YES;
				CLANG_WARN_ENUM_CONVERSION = YES;
				CLANG_WARN_INT_CONVERSION = YES;
				CLANG_WARN_OBJC_ROOT_CLASS = YES_ERROR;
				CLANG_WARN_UNREACHABLE_CODE = YES;
				CLANG_WARN__DUPLICATE_METHOD_MATCH = YES;
				"CODE_SIGN_IDENTITY[sdk=iphoneos*]" = "iPhone Developer";
				COPY_PHASE_STRIP = NO;
				DEBUG_INFORMATION_FORMAT = dwarf;
				ENABLE_STRICT_OBJC_MSGSEND = YES;
				ENABLE_TESTABILITY = YES;
				GCC_C_LANGUAGE_STANDARD = gnu99;
				GCC_DYNAMIC_NO_PIC = NO;
				GCC_NO_COMMON_BLOCKS = YES;
				GCC_OPTIMIZATION_LEVEL = 0;
				GCC_PREPROCESSOR_DEFINITIONS = (
					"DEBUG=1",
					"$(inherited)",
				);
				GCC_WARN_64_TO_32_BIT_CONVERSION = YES;
				GCC_WARN_ABOUT_RETURN_TYPE = YES_ERROR;
				GCC_WARN_UNDECLARED_SELECTOR = YES;
				GCC_WARN_UNINITIALIZED_AUTOS = YES_AGGRESSIVE;
				GCC_WARN_UNUSED_FUNCTION = YES;
				GCC_WARN_UNUSED_VARIABLE = YES;
				IPHONEOS_DEPLOYMENT_TARGET = 9.2;
				MTL_ENABLE_DEBUG_INFO = YES;
				ONLY_ACTIVE_ARCH = YES;
				SDKROOT = iphoneos;
				TARGETED_DEVICE_FAMILY = "1,2";
			};
			name = Debug;
		};
		19AC0CFA1C40E21500D0AB8D /* Release */ = {
			isa = XCBuildConfiguration;
			buildSettings = {
				ALWAYS_SEARCH_USER_PATHS = NO;
				CLANG_CXX_LANGUAGE_STANDARD = "gnu++0x";
				CLANG_CXX_LIBRARY = "libc++";
				CLANG_ENABLE_MODULES = YES;
				CLANG_ENABLE_OBJC_ARC = YES;
				CLANG_WARN_BOOL_CONVERSION = YES;
				CLANG_WARN_CONSTANT_CONVERSION = YES;
				CLANG_WARN_DIRECT_OBJC_ISA_USAGE = YES_ERROR;
				CLANG_WARN_EMPTY_BODY = YES;
				CLANG_WARN_ENUM_CONVERSION = YES;
				CLANG_WARN_INT_CONVERSION = YES;
				CLANG_WARN_OBJC_ROOT_CLASS = YES_ERROR;
				CLANG_WARN_UNREACHABLE_CODE = YES;
				CLANG_WARN__DUPLICATE_METHOD_MATCH = YES;
				"CODE_SIGN_IDENTITY[sdk=iphoneos*]" = "iPhone Developer";
				COPY_PHASE_STRIP = NO;
				DEBUG_INFORMATION_FORMAT = "dwarf-with-dsym";
				ENABLE_NS_ASSERTIONS = NO;
				ENABLE_STRICT_OBJC_MSGSEND = YES;
				GCC_C_LANGUAGE_STANDARD = gnu99;
				GCC_NO_COMMON_BLOCKS = YES;
				GCC_WARN_64_TO_32_BIT_CONVERSION = YES;
				GCC_WARN_ABOUT_RETURN_TYPE = YES_ERROR;
				GCC_WARN_UNDECLARED_SELECTOR = YES;
				GCC_WARN_UNINITIALIZED_AUTOS = YES_AGGRESSIVE;
				GCC_WARN_UNUSED_FUNCTION = YES;
				GCC_WARN_UNUSED_VARIABLE = YES;
				IPHONEOS_DEPLOYMENT_TARGET = 9.2;
				MTL_ENABLE_DEBUG_INFO = NO;
				SDKROOT = iphoneos;
				TARGETED_DEVICE_FAMILY = "1,2";
				VALIDATE_PRODUCT = YES;
			};
			name = Release;
		};
		19AC0CFC1C40E21500D0AB8D /* Debug */ = {
			isa = XCBuildConfiguration;
			buildSettings = {
				ASSETCATALOG_COMPILER_APPICON_NAME = AppIcon;
				CODE_SIGN_IDENTITY = "iPhone Developer";
				DEVELOPMENT_TEAM = 94GC9MN77H;
				INFOPLIST_FILE = WeiXinPayDemo/Info.plist;
				IPHONEOS_DEPLOYMENT_TARGET = 8.1;
				LD_RUNPATH_SEARCH_PATHS = "$(inherited) @executable_path/Frameworks";
				LIBRARY_SEARCH_PATHS = (
					"$(inherited)",
					"$(PROJECT_DIR)/WeiXinPayDemo/SDKExport",
				);
				PRODUCT_BUNDLE_IDENTIFIER = com.lanou3g.www.WeiXinDemo111;
				PRODUCT_NAME = "$(TARGET_NAME)";
			};
			name = Debug;
		};
		19AC0CFD1C40E21500D0AB8D /* Release */ = {
			isa = XCBuildConfiguration;
			buildSettings = {
				ASSETCATALOG_COMPILER_APPICON_NAME = AppIcon;
				CODE_SIGN_IDENTITY = "iPhone Developer";
				DEVELOPMENT_TEAM = 94GC9MN77H;
				INFOPLIST_FILE = WeiXinPayDemo/Info.plist;
				IPHONEOS_DEPLOYMENT_TARGET = 8.1;
				LD_RUNPATH_SEARCH_PATHS = "$(inherited) @executable_path/Frameworks";
				LIBRARY_SEARCH_PATHS = (
					"$(inherited)",
					"$(PROJECT_DIR)/WeiXinPayDemo/SDKExport",
				);
				PRODUCT_BUNDLE_IDENTIFIER = com.lanou3g.www.WeiXinDemo111;
				PRODUCT_NAME = "$(TARGET_NAME)";
			};
			name = Release;
		};
/* End XCBuildConfiguration section */

/* Begin XCConfigurationList section */
		19AC0CDF1C40E21500D0AB8D /* Build configuration list for PBXProject "WeiXinPayDemo" */ = {
			isa = XCConfigurationList;
			buildConfigurations = (
				19AC0CF91C40E21500D0AB8D /* Debug */,
				19AC0CFA1C40E21500D0AB8D /* Release */,
			);
			defaultConfigurationIsVisible = 0;
			defaultConfigurationName = Release;
		};
		19AC0CFB1C40E21500D0AB8D /* Build configuration list for PBXNativeTarget "WeiXinPayDemo" */ = {
			isa = XCConfigurationList;
			buildConfigurations = (
				19AC0CFC1C40E21500D0AB8D /* Debug */,
				19AC0CFD1C40E21500D0AB8D /* Release */,
			);
			defaultConfigurationIsVisible = 0;
			defaultConfigurationName = Release;
		};
/* End XCConfigurationList section */
	};
	rootObject = 19AC0CDC1C40E21500D0AB8D /* Project object */;
}
